// !$*UTF8*$!
{
	archiveVersion = 1;
	classes = {
	};
	objectVersion = 51;
	objects = {

/* Begin PBXBuildFile section */
		40BE9275557E90ABD7C9549C /* Pods_Island_Choice.framework in Frameworks */ = {isa = PBXBuildFile; fileRef = C2EC53273B927B988EC14C8A /* Pods_Island_Choice.framework */; };
		9F097F0225E8FD7E00CD0FA7 /* checkoutTblCell.swift in Sources */ = {isa = PBXBuildFile; fileRef = 9F097F0025E8FD7E00CD0FA7 /* checkoutTblCell.swift */; };
		9F097F0325E8FD7E00CD0FA7 /* checkoutTblCell.xib in Resources */ = {isa = PBXBuildFile; fileRef = 9F097F0125E8FD7E00CD0FA7 /* checkoutTblCell.xib */; };
		9F293AA525DF8997008EC1DD /* Dashboard.storyboard in Resources */ = {isa = PBXBuildFile; fileRef = 9F293AA425DF8997008EC1DD /* Dashboard.storyboard */; };
		9F293AA825DF93D3008EC1DD /* Billing.storyboard in Resources */ = {isa = PBXBuildFile; fileRef = 9F293AA725DF93D3008EC1DD /* Billing.storyboard */; };
		9F293AAB25DF93E7008EC1DD /* Deliveries.storyboard in Resources */ = {isa = PBXBuildFile; fileRef = 9F293AAA25DF93E7008EC1DD /* Deliveries.storyboard */; };
		9F293AAE25DF94B3008EC1DD /* Account.storyboard in Resources */ = {isa = PBXBuildFile; fileRef = 9F293AAD25DF94B3008EC1DD /* Account.storyboard */; };
		9F293AB125DF95F4008EC1DD /* DashboardVC.swift in Sources */ = {isa = PBXBuildFile; fileRef = 9F293AB025DF95F4008EC1DD /* DashboardVC.swift */; };
		9F293AB425DF9609008EC1DD /* BillingVC.swift in Sources */ = {isa = PBXBuildFile; fileRef = 9F293AB325DF9609008EC1DD /* BillingVC.swift */; };
		9F293AB725DF9625008EC1DD /* DeliveriesVC.swift in Sources */ = {isa = PBXBuildFile; fileRef = 9F293AB625DF9625008EC1DD /* DeliveriesVC.swift */; };
		9F293ABA25DF9637008EC1DD /* AccountVC.swift in Sources */ = {isa = PBXBuildFile; fileRef = 9F293AB925DF9637008EC1DD /* AccountVC.swift */; };
		9F293AC325DF9744008EC1DD /* MainTabBarController.swift in Sources */ = {isa = PBXBuildFile; fileRef = 9F293AC225DF9744008EC1DD /* MainTabBarController.swift */; };
		9F293B5025DFF302008EC1DD /* InvoiceVC.swift in Sources */ = {isa = PBXBuildFile; fileRef = 9F293B4F25DFF302008EC1DD /* InvoiceVC.swift */; };
		9F293B5325DFF31B008EC1DD /* HistoryVC.swift in Sources */ = {isa = PBXBuildFile; fileRef = 9F293B5225DFF31B008EC1DD /* HistoryVC.swift */; };
		9F293B5625DFF396008EC1DD /* PaymentMethodVC.swift in Sources */ = {isa = PBXBuildFile; fileRef = 9F293B5525DFF396008EC1DD /* PaymentMethodVC.swift */; };
		9F4079D525DE454E00FCA1B2 /* AppCell.swift in Sources */ = {isa = PBXBuildFile; fileRef = 9F4079C625DE454C00FCA1B2 /* AppCell.swift */; };
		9F4079D625DE454E00FCA1B2 /* AppUserDefaults.swift in Sources */ = {isa = PBXBuildFile; fileRef = 9F4079C725DE454D00FCA1B2 /* AppUserDefaults.swift */; };
		9F4079D725DE454E00FCA1B2 /* AppFonts.swift in Sources */ = {isa = PBXBuildFile; fileRef = 9F4079C825DE454D00FCA1B2 /* AppFonts.swift */; };
		9F4079D825DE454E00FCA1B2 /* Constants.swift in Sources */ = {isa = PBXBuildFile; fileRef = 9F4079C925DE454D00FCA1B2 /* Constants.swift */; };
		9F4079D925DE454E00FCA1B2 /* AppStoryboard.swift in Sources */ = {isa = PBXBuildFile; fileRef = 9F4079CA25DE454D00FCA1B2 /* AppStoryboard.swift */; };
		9F4079DB25DE454E00FCA1B2 /* UINavigationController+Ext.swift in Sources */ = {isa = PBXBuildFile; fileRef = 9F4079CD25DE454E00FCA1B2 /* UINavigationController+Ext.swift */; };
		9F4079DC25DE454E00FCA1B2 /* String+Ext.swift in Sources */ = {isa = PBXBuildFile; fileRef = 9F4079CE25DE454E00FCA1B2 /* String+Ext.swift */; };
		9F4079DD25DE454E00FCA1B2 /* UIView+Inspectable.swift in Sources */ = {isa = PBXBuildFile; fileRef = 9F4079CF25DE454E00FCA1B2 /* UIView+Inspectable.swift */; };
		9F4079DE25DE454E00FCA1B2 /* Alert+Extension.swift in Sources */ = {isa = PBXBuildFile; fileRef = 9F4079D025DE454E00FCA1B2 /* Alert+Extension.swift */; };
		9F4079DF25DE454E00FCA1B2 /* UIKit+Ext.swift in Sources */ = {isa = PBXBuildFile; fileRef = 9F4079D125DE454E00FCA1B2 /* UIKit+Ext.swift */; };
		9F4079E025DE454E00FCA1B2 /* UIController+Ext.swift in Sources */ = {isa = PBXBuildFile; fileRef = 9F4079D225DE454E00FCA1B2 /* UIController+Ext.swift */; };
		9F4079E125DE454E00FCA1B2 /* ColorModel.swift in Sources */ = {isa = PBXBuildFile; fileRef = 9F4079D325DE454E00FCA1B2 /* ColorModel.swift */; };
		9F4079E225DE454E00FCA1B2 /* AppSupport.swift in Sources */ = {isa = PBXBuildFile; fileRef = 9F4079D425DE454E00FCA1B2 /* AppSupport.swift */; };
		9F4079E925DE45F000FCA1B2 /* URLManager.swift in Sources */ = {isa = PBXBuildFile; fileRef = 9F4079E625DE45EF00FCA1B2 /* URLManager.swift */; };
		9F4079EA25DE45F000FCA1B2 /* NetworkCaller.swift in Sources */ = {isa = PBXBuildFile; fileRef = 9F4079E725DE45F000FCA1B2 /* NetworkCaller.swift */; };
		9F4079EB25DE45F000FCA1B2 /* NetworkManager.swift in Sources */ = {isa = PBXBuildFile; fileRef = 9F4079E825DE45F000FCA1B2 /* NetworkManager.swift */; };
		9F4079EF25DE4ADE00FCA1B2 /* Login.storyboard in Resources */ = {isa = PBXBuildFile; fileRef = 9F4079EE25DE4ADE00FCA1B2 /* Login.storyboard */; };
		9F70A85525E3E0BE00E1EEAF /* HistoryCell.swift in Sources */ = {isa = PBXBuildFile; fileRef = 9F70A85325E3E0BE00E1EEAF /* HistoryCell.swift */; };
		9F70A85625E3E0BE00E1EEAF /* HistoryCell.xib in Resources */ = {isa = PBXBuildFile; fileRef = 9F70A85425E3E0BE00E1EEAF /* HistoryCell.xib */; };
		9F70A85C25E3E1C400E1EEAF /* StatementCell.swift in Sources */ = {isa = PBXBuildFile; fileRef = 9F70A85A25E3E1C400E1EEAF /* StatementCell.swift */; };
		9F70A85D25E3E1C400E1EEAF /* StatementCell.xib in Resources */ = {isa = PBXBuildFile; fileRef = 9F70A85B25E3E1C400E1EEAF /* StatementCell.xib */; };
		9F715BCA25E3B0F200A95C91 /* InvoiceCell.swift in Sources */ = {isa = PBXBuildFile; fileRef = 9F715BC825E3B0F200A95C91 /* InvoiceCell.swift */; };
		9F715BCB25E3B0F200A95C91 /* InvoiceCell.xib in Resources */ = {isa = PBXBuildFile; fileRef = 9F715BC925E3B0F200A95C91 /* InvoiceCell.xib */; };
		9F7424C225E4C941003C01F6 /* PaymentCardCell.swift in Sources */ = {isa = PBXBuildFile; fileRef = 9F7424C025E4C941003C01F6 /* PaymentCardCell.swift */; };
		9F7424C325E4C941003C01F6 /* PaymentCardCell.xib in Resources */ = {isa = PBXBuildFile; fileRef = 9F7424C125E4C941003C01F6 /* PaymentCardCell.xib */; };
		9F74253825E517B1003C01F6 /* CreditCardVC.swift in Sources */ = {isa = PBXBuildFile; fileRef = 9F74253725E517B1003C01F6 /* CreditCardVC.swift */; };
		9F74253C25E53E15003C01F6 /* BillingInformationVC.swift in Sources */ = {isa = PBXBuildFile; fileRef = 9F74253B25E53E15003C01F6 /* BillingInformationVC.swift */; };
		9F74253F25E53E30003C01F6 /* DeliveryInformationVC.swift in Sources */ = {isa = PBXBuildFile; fileRef = 9F74253E25E53E30003C01F6 /* DeliveryInformationVC.swift */; };
		9F80767125DEA3EF006E6311 /* ForgotPasswordVC.swift in Sources */ = {isa = PBXBuildFile; fileRef = 9F80767025DEA3EF006E6311 /* ForgotPasswordVC.swift */; };
		9F9B774F25E67EB80016423F /* DeliveryOrderVC.swift in Sources */ = {isa = PBXBuildFile; fileRef = 9F9B774E25E67EB80016423F /* DeliveryOrderVC.swift */; };
		9F9B775325E67F400016423F /* DeliveryOrderCell.swift in Sources */ = {isa = PBXBuildFile; fileRef = 9F9B775125E67F400016423F /* DeliveryOrderCell.swift */; };
		9F9B775425E67F400016423F /* DeliveryOrderCell.xib in Resources */ = {isa = PBXBuildFile; fileRef = 9F9B775225E67F400016423F /* DeliveryOrderCell.xib */; };
		9FAC6D7525E7776000A17C3E /* PreviousOrderCollCell.swift in Sources */ = {isa = PBXBuildFile; fileRef = 9FAC6D7325E7776000A17C3E /* PreviousOrderCollCell.swift */; };
		9FAC6D7625E7776000A17C3E /* PreviousOrderCollCell.xib in Resources */ = {isa = PBXBuildFile; fileRef = 9FAC6D7425E7776000A17C3E /* PreviousOrderCollCell.xib */; };
		9FAC6D7B25E778E200A17C3E /* PreviousOrderVC.swift in Sources */ = {isa = PBXBuildFile; fileRef = 9FAC6D7A25E778E200A17C3E /* PreviousOrderVC.swift */; };
		9FAC6D8B25E7845F00A17C3E /* DeliveryCalendarVC.swift in Sources */ = {isa = PBXBuildFile; fileRef = 9FAC6D8A25E7845F00A17C3E /* DeliveryCalendarVC.swift */; };
		9FB66E0C25E763DF00DB459D /* DeliveryNewOrderVC.swift in Sources */ = {isa = PBXBuildFile; fileRef = 9FB66E0B25E763DF00DB459D /* DeliveryNewOrderVC.swift */; };
		9FC854E025DD523100AC0073 /* AppDelegate.swift in Sources */ = {isa = PBXBuildFile; fileRef = 9FC854DF25DD523100AC0073 /* AppDelegate.swift */; };
		9FC854E425DD523100AC0073 /* ViewController.swift in Sources */ = {isa = PBXBuildFile; fileRef = 9FC854E325DD523100AC0073 /* ViewController.swift */; };
		9FC854E725DD523100AC0073 /* Main.storyboard in Resources */ = {isa = PBXBuildFile; fileRef = 9FC854E525DD523100AC0073 /* Main.storyboard */; };
		9FC854E925DD523300AC0073 /* Assets.xcassets in Resources */ = {isa = PBXBuildFile; fileRef = 9FC854E825DD523300AC0073 /* Assets.xcassets */; };
		9FC854EC25DD523300AC0073 /* LaunchScreen.storyboard in Resources */ = {isa = PBXBuildFile; fileRef = 9FC854EA25DD523300AC0073 /* LaunchScreen.storyboard */; };
		9FC9500325E6352000D50323 /* ChangePasswordVC.swift in Sources */ = {isa = PBXBuildFile; fileRef = 9FC9500225E6352000D50323 /* ChangePasswordVC.swift */; };
		9FD5398A25E8F65800BF9EF0 /* CheckOutVC.swift in Sources */ = {isa = PBXBuildFile; fileRef = 9FD5398925E8F65800BF9EF0 /* CheckOutVC.swift */; };
		9FD6016225DE7A910081D546 /* LoginVC.swift in Sources */ = {isa = PBXBuildFile; fileRef = 9FD6016125DE7A910081D546 /* LoginVC.swift */; };
		9FDC1B0625E6903400C57FCE /* ProductCollCell.swift in Sources */ = {isa = PBXBuildFile; fileRef = 9FDC1B0425E6903400C57FCE /* ProductCollCell.swift */; };
		9FDC1B0725E6903400C57FCE /* ProductCollCell.xib in Resources */ = {isa = PBXBuildFile; fileRef = 9FDC1B0525E6903400C57FCE /* ProductCollCell.xib */; };
		9FE8C87D25E7C4780014CB43 /* Cart.storyboard in Resources */ = {isa = PBXBuildFile; fileRef = 9FE8C87C25E7C4780014CB43 /* Cart.storyboard */; };
		9FE8C88125E7C5EF0014CB43 /* CartTblCell.swift in Sources */ = {isa = PBXBuildFile; fileRef = 9FE8C87F25E7C5EF0014CB43 /* CartTblCell.swift */; };
		9FE8C88225E7C5EF0014CB43 /* CartTblCell.xib in Resources */ = {isa = PBXBuildFile; fileRef = 9FE8C88025E7C5EF0014CB43 /* CartTblCell.xib */; };
		9FE8C88825E7CAB10014CB43 /* CartVC.swift in Sources */ = {isa = PBXBuildFile; fileRef = 9FE8C88725E7CAB10014CB43 /* CartVC.swift */; };
/* End PBXBuildFile section */

/* Begin PBXFileReference section */
		987B70F0EAB6B8D5ADE3A58E /* Pods-Island Choice.release.xcconfig */ = {isa = PBXFileReference; includeInIndex = 1; lastKnownFileType = text.xcconfig; name = "Pods-Island Choice.release.xcconfig"; path = "Target Support Files/Pods-Island Choice/Pods-Island Choice.release.xcconfig"; sourceTree = "<group>"; };
		9F097F0025E8FD7E00CD0FA7 /* checkoutTblCell.swift */ = {isa = PBXFileReference; lastKnownFileType = sourcecode.swift; path = checkoutTblCell.swift; sourceTree = "<group>"; };
		9F097F0125E8FD7E00CD0FA7 /* checkoutTblCell.xib */ = {isa = PBXFileReference; lastKnownFileType = file.xib; path = checkoutTblCell.xib; sourceTree = "<group>"; };
		9F293AA425DF8997008EC1DD /* Dashboard.storyboard */ = {isa = PBXFileReference; lastKnownFileType = file.storyboard; path = Dashboard.storyboard; sourceTree = "<group>"; };
		9F293AA725DF93D3008EC1DD /* Billing.storyboard */ = {isa = PBXFileReference; lastKnownFileType = file.storyboard; path = Billing.storyboard; sourceTree = "<group>"; };
		9F293AAA25DF93E7008EC1DD /* Deliveries.storyboard */ = {isa = PBXFileReference; lastKnownFileType = file.storyboard; path = Deliveries.storyboard; sourceTree = "<group>"; };
		9F293AAD25DF94B3008EC1DD /* Account.storyboard */ = {isa = PBXFileReference; lastKnownFileType = file.storyboard; path = Account.storyboard; sourceTree = "<group>"; };
		9F293AB025DF95F4008EC1DD /* DashboardVC.swift */ = {isa = PBXFileReference; lastKnownFileType = sourcecode.swift; path = DashboardVC.swift; sourceTree = "<group>"; };
		9F293AB325DF9609008EC1DD /* BillingVC.swift */ = {isa = PBXFileReference; lastKnownFileType = sourcecode.swift; path = BillingVC.swift; sourceTree = "<group>"; };
		9F293AB625DF9625008EC1DD /* DeliveriesVC.swift */ = {isa = PBXFileReference; lastKnownFileType = sourcecode.swift; path = DeliveriesVC.swift; sourceTree = "<group>"; };
		9F293AB925DF9637008EC1DD /* AccountVC.swift */ = {isa = PBXFileReference; lastKnownFileType = sourcecode.swift; path = AccountVC.swift; sourceTree = "<group>"; };
		9F293AC225DF9744008EC1DD /* MainTabBarController.swift */ = {isa = PBXFileReference; lastKnownFileType = sourcecode.swift; path = MainTabBarController.swift; sourceTree = "<group>"; };
		9F293B4F25DFF302008EC1DD /* InvoiceVC.swift */ = {isa = PBXFileReference; lastKnownFileType = sourcecode.swift; path = InvoiceVC.swift; sourceTree = "<group>"; };
		9F293B5225DFF31B008EC1DD /* HistoryVC.swift */ = {isa = PBXFileReference; lastKnownFileType = sourcecode.swift; path = HistoryVC.swift; sourceTree = "<group>"; };
		9F293B5525DFF396008EC1DD /* PaymentMethodVC.swift */ = {isa = PBXFileReference; lastKnownFileType = sourcecode.swift; path = PaymentMethodVC.swift; sourceTree = "<group>"; };
		9F4079C625DE454C00FCA1B2 /* AppCell.swift */ = {isa = PBXFileReference; fileEncoding = 4; lastKnownFileType = sourcecode.swift; path = AppCell.swift; sourceTree = "<group>"; };
		9F4079C725DE454D00FCA1B2 /* AppUserDefaults.swift */ = {isa = PBXFileReference; fileEncoding = 4; lastKnownFileType = sourcecode.swift; path = AppUserDefaults.swift; sourceTree = "<group>"; };
		9F4079C825DE454D00FCA1B2 /* AppFonts.swift */ = {isa = PBXFileReference; fileEncoding = 4; lastKnownFileType = sourcecode.swift; path = AppFonts.swift; sourceTree = "<group>"; };
		9F4079C925DE454D00FCA1B2 /* Constants.swift */ = {isa = PBXFileReference; fileEncoding = 4; lastKnownFileType = sourcecode.swift; path = Constants.swift; sourceTree = "<group>"; };
		9F4079CA25DE454D00FCA1B2 /* AppStoryboard.swift */ = {isa = PBXFileReference; fileEncoding = 4; lastKnownFileType = sourcecode.swift; path = AppStoryboard.swift; sourceTree = "<group>"; };
		9F4079CD25DE454E00FCA1B2 /* UINavigationController+Ext.swift */ = {isa = PBXFileReference; fileEncoding = 4; lastKnownFileType = sourcecode.swift; path = "UINavigationController+Ext.swift"; sourceTree = "<group>"; };
		9F4079CE25DE454E00FCA1B2 /* String+Ext.swift */ = {isa = PBXFileReference; fileEncoding = 4; lastKnownFileType = sourcecode.swift; path = "String+Ext.swift"; sourceTree = "<group>"; };
		9F4079CF25DE454E00FCA1B2 /* UIView+Inspectable.swift */ = {isa = PBXFileReference; fileEncoding = 4; lastKnownFileType = sourcecode.swift; path = "UIView+Inspectable.swift"; sourceTree = "<group>"; };
		9F4079D025DE454E00FCA1B2 /* Alert+Extension.swift */ = {isa = PBXFileReference; fileEncoding = 4; lastKnownFileType = sourcecode.swift; path = "Alert+Extension.swift"; sourceTree = "<group>"; };
		9F4079D125DE454E00FCA1B2 /* UIKit+Ext.swift */ = {isa = PBXFileReference; fileEncoding = 4; lastKnownFileType = sourcecode.swift; path = "UIKit+Ext.swift"; sourceTree = "<group>"; };
		9F4079D225DE454E00FCA1B2 /* UIController+Ext.swift */ = {isa = PBXFileReference; fileEncoding = 4; lastKnownFileType = sourcecode.swift; path = "UIController+Ext.swift"; sourceTree = "<group>"; };
		9F4079D325DE454E00FCA1B2 /* ColorModel.swift */ = {isa = PBXFileReference; fileEncoding = 4; lastKnownFileType = sourcecode.swift; path = ColorModel.swift; sourceTree = "<group>"; };
		9F4079D425DE454E00FCA1B2 /* AppSupport.swift */ = {isa = PBXFileReference; fileEncoding = 4; lastKnownFileType = sourcecode.swift; path = AppSupport.swift; sourceTree = "<group>"; };
		9F4079E625DE45EF00FCA1B2 /* URLManager.swift */ = {isa = PBXFileReference; fileEncoding = 4; lastKnownFileType = sourcecode.swift; path = URLManager.swift; sourceTree = "<group>"; };
		9F4079E725DE45F000FCA1B2 /* NetworkCaller.swift */ = {isa = PBXFileReference; fileEncoding = 4; lastKnownFileType = sourcecode.swift; path = NetworkCaller.swift; sourceTree = "<group>"; };
		9F4079E825DE45F000FCA1B2 /* NetworkManager.swift */ = {isa = PBXFileReference; fileEncoding = 4; lastKnownFileType = sourcecode.swift; path = NetworkManager.swift; sourceTree = "<group>"; };
		9F4079EE25DE4ADE00FCA1B2 /* Login.storyboard */ = {isa = PBXFileReference; lastKnownFileType = file.storyboard; path = Login.storyboard; sourceTree = "<group>"; };
		9F70A85325E3E0BE00E1EEAF /* HistoryCell.swift */ = {isa = PBXFileReference; lastKnownFileType = sourcecode.swift; path = HistoryCell.swift; sourceTree = "<group>"; };
		9F70A85425E3E0BE00E1EEAF /* HistoryCell.xib */ = {isa = PBXFileReference; lastKnownFileType = file.xib; path = HistoryCell.xib; sourceTree = "<group>"; };
		9F70A85A25E3E1C400E1EEAF /* StatementCell.swift */ = {isa = PBXFileReference; lastKnownFileType = sourcecode.swift; path = StatementCell.swift; sourceTree = "<group>"; };
		9F70A85B25E3E1C400E1EEAF /* StatementCell.xib */ = {isa = PBXFileReference; lastKnownFileType = file.xib; path = StatementCell.xib; sourceTree = "<group>"; };
		9F715BC825E3B0F200A95C91 /* InvoiceCell.swift */ = {isa = PBXFileReference; lastKnownFileType = sourcecode.swift; path = InvoiceCell.swift; sourceTree = "<group>"; };
		9F715BC925E3B0F200A95C91 /* InvoiceCell.xib */ = {isa = PBXFileReference; lastKnownFileType = file.xib; path = InvoiceCell.xib; sourceTree = "<group>"; };
		9F7424C025E4C941003C01F6 /* PaymentCardCell.swift */ = {isa = PBXFileReference; lastKnownFileType = sourcecode.swift; path = PaymentCardCell.swift; sourceTree = "<group>"; };
		9F7424C125E4C941003C01F6 /* PaymentCardCell.xib */ = {isa = PBXFileReference; lastKnownFileType = file.xib; path = PaymentCardCell.xib; sourceTree = "<group>"; };
		9F74253725E517B1003C01F6 /* CreditCardVC.swift */ = {isa = PBXFileReference; lastKnownFileType = sourcecode.swift; path = CreditCardVC.swift; sourceTree = "<group>"; };
		9F74253B25E53E15003C01F6 /* BillingInformationVC.swift */ = {isa = PBXFileReference; lastKnownFileType = sourcecode.swift; path = BillingInformationVC.swift; sourceTree = "<group>"; };
		9F74253E25E53E30003C01F6 /* DeliveryInformationVC.swift */ = {isa = PBXFileReference; lastKnownFileType = sourcecode.swift; path = DeliveryInformationVC.swift; sourceTree = "<group>"; };
		9F80767025DEA3EF006E6311 /* ForgotPasswordVC.swift */ = {isa = PBXFileReference; lastKnownFileType = sourcecode.swift; path = ForgotPasswordVC.swift; sourceTree = "<group>"; };
		9F9B774E25E67EB80016423F /* DeliveryOrderVC.swift */ = {isa = PBXFileReference; lastKnownFileType = sourcecode.swift; path = DeliveryOrderVC.swift; sourceTree = "<group>"; };
		9F9B775125E67F400016423F /* DeliveryOrderCell.swift */ = {isa = PBXFileReference; lastKnownFileType = sourcecode.swift; path = DeliveryOrderCell.swift; sourceTree = "<group>"; };
		9F9B775225E67F400016423F /* DeliveryOrderCell.xib */ = {isa = PBXFileReference; lastKnownFileType = file.xib; path = DeliveryOrderCell.xib; sourceTree = "<group>"; };
		9FAC6D7325E7776000A17C3E /* PreviousOrderCollCell.swift */ = {isa = PBXFileReference; lastKnownFileType = sourcecode.swift; path = PreviousOrderCollCell.swift; sourceTree = "<group>"; };
		9FAC6D7425E7776000A17C3E /* PreviousOrderCollCell.xib */ = {isa = PBXFileReference; lastKnownFileType = file.xib; path = PreviousOrderCollCell.xib; sourceTree = "<group>"; };
		9FAC6D7A25E778E200A17C3E /* PreviousOrderVC.swift */ = {isa = PBXFileReference; lastKnownFileType = sourcecode.swift; path = PreviousOrderVC.swift; sourceTree = "<group>"; };
		9FAC6D8A25E7845F00A17C3E /* DeliveryCalendarVC.swift */ = {isa = PBXFileReference; lastKnownFileType = sourcecode.swift; path = DeliveryCalendarVC.swift; sourceTree = "<group>"; };
		9FB66E0B25E763DF00DB459D /* DeliveryNewOrderVC.swift */ = {isa = PBXFileReference; lastKnownFileType = sourcecode.swift; path = DeliveryNewOrderVC.swift; sourceTree = "<group>"; };
		9FC854DC25DD523100AC0073 /* Island Choice.app */ = {isa = PBXFileReference; explicitFileType = wrapper.application; includeInIndex = 0; path = "Island Choice.app"; sourceTree = BUILT_PRODUCTS_DIR; };
		9FC854DF25DD523100AC0073 /* AppDelegate.swift */ = {isa = PBXFileReference; lastKnownFileType = sourcecode.swift; path = AppDelegate.swift; sourceTree = "<group>"; };
		9FC854E325DD523100AC0073 /* ViewController.swift */ = {isa = PBXFileReference; lastKnownFileType = sourcecode.swift; path = ViewController.swift; sourceTree = "<group>"; };
		9FC854E625DD523100AC0073 /* Base */ = {isa = PBXFileReference; lastKnownFileType = file.storyboard; name = Base; path = Base.lproj/Main.storyboard; sourceTree = "<group>"; };
		9FC854E825DD523300AC0073 /* Assets.xcassets */ = {isa = PBXFileReference; lastKnownFileType = folder.assetcatalog; path = Assets.xcassets; sourceTree = "<group>"; };
		9FC854EB25DD523300AC0073 /* Base */ = {isa = PBXFileReference; lastKnownFileType = file.storyboard; name = Base; path = Base.lproj/LaunchScreen.storyboard; sourceTree = "<group>"; };
		9FC854ED25DD523300AC0073 /* Info.plist */ = {isa = PBXFileReference; lastKnownFileType = text.plist.xml; path = Info.plist; sourceTree = "<group>"; };
		9FC9500225E6352000D50323 /* ChangePasswordVC.swift */ = {isa = PBXFileReference; lastKnownFileType = sourcecode.swift; path = ChangePasswordVC.swift; sourceTree = "<group>"; };
		9FD5398925E8F65800BF9EF0 /* CheckOutVC.swift */ = {isa = PBXFileReference; lastKnownFileType = sourcecode.swift; path = CheckOutVC.swift; sourceTree = "<group>"; };
		9FD6016125DE7A910081D546 /* LoginVC.swift */ = {isa = PBXFileReference; lastKnownFileType = sourcecode.swift; path = LoginVC.swift; sourceTree = "<group>"; };
		9FDC1B0425E6903400C57FCE /* ProductCollCell.swift */ = {isa = PBXFileReference; lastKnownFileType = sourcecode.swift; path = ProductCollCell.swift; sourceTree = "<group>"; };
		9FDC1B0525E6903400C57FCE /* ProductCollCell.xib */ = {isa = PBXFileReference; lastKnownFileType = file.xib; path = ProductCollCell.xib; sourceTree = "<group>"; };
		9FE8C87C25E7C4780014CB43 /* Cart.storyboard */ = {isa = PBXFileReference; lastKnownFileType = file.storyboard; path = Cart.storyboard; sourceTree = "<group>"; };
		9FE8C87F25E7C5EF0014CB43 /* CartTblCell.swift */ = {isa = PBXFileReference; lastKnownFileType = sourcecode.swift; path = CartTblCell.swift; sourceTree = "<group>"; };
		9FE8C88025E7C5EF0014CB43 /* CartTblCell.xib */ = {isa = PBXFileReference; lastKnownFileType = file.xib; path = CartTblCell.xib; sourceTree = "<group>"; };
		9FE8C88725E7CAB10014CB43 /* CartVC.swift */ = {isa = PBXFileReference; lastKnownFileType = sourcecode.swift; path = CartVC.swift; sourceTree = "<group>"; };
		C1991056B92BA73B112C58B5 /* Pods-Island Choice.debug.xcconfig */ = {isa = PBXFileReference; includeInIndex = 1; lastKnownFileType = text.xcconfig; name = "Pods-Island Choice.debug.xcconfig"; path = "Target Support Files/Pods-Island Choice/Pods-Island Choice.debug.xcconfig"; sourceTree = "<group>"; };
		C2EC53273B927B988EC14C8A /* Pods_Island_Choice.framework */ = {isa = PBXFileReference; explicitFileType = wrapper.framework; includeInIndex = 0; path = Pods_Island_Choice.framework; sourceTree = BUILT_PRODUCTS_DIR; };
/* End PBXFileReference section */

/* Begin PBXFrameworksBuildPhase section */
		9FC854D925DD523100AC0073 /* Frameworks */ = {
			isa = PBXFrameworksBuildPhase;
			buildActionMask = 2147483647;
			files = (
				40BE9275557E90ABD7C9549C /* Pods_Island_Choice.framework in Frameworks */,
			);
			runOnlyForDeploymentPostprocessing = 0;
		};
/* End PBXFrameworksBuildPhase section */

/* Begin PBXGroup section */
		332D8FBB4C663D4A39F50DEE /* Pods */ = {
			isa = PBXGroup;
			children = (
				C1991056B92BA73B112C58B5 /* Pods-Island Choice.debug.xcconfig */,
				987B70F0EAB6B8D5ADE3A58E /* Pods-Island Choice.release.xcconfig */,
			);
			path = Pods;
			sourceTree = "<group>";
		};
		9F097F0825E9071E00CD0FA7 /* CheckOutCell */ = {
			isa = PBXGroup;
			children = (
				9F097F0025E8FD7E00CD0FA7 /* checkoutTblCell.swift */,
				9F097F0125E8FD7E00CD0FA7 /* checkoutTblCell.xib */,
			);
			path = CheckOutCell;
			sourceTree = "<group>";
		};
		9F293ABC25DF964F008EC1DD /* Dashboard */ = {
			isa = PBXGroup;
			children = (
				9F293AB025DF95F4008EC1DD /* DashboardVC.swift */,
			);
			path = Dashboard;
			sourceTree = "<group>";
		};
		9F293ABE25DF9686008EC1DD /* Billing */ = {
			isa = PBXGroup;
			children = (
				9F293AB325DF9609008EC1DD /* BillingVC.swift */,
				9F293B4F25DFF302008EC1DD /* InvoiceVC.swift */,
				9F293B5225DFF31B008EC1DD /* HistoryVC.swift */,
				9F293B5525DFF396008EC1DD /* PaymentMethodVC.swift */,
				9F74253725E517B1003C01F6 /* CreditCardVC.swift */,
			);
			path = Billing;
			sourceTree = "<group>";
		};
		9F293ABF25DF968E008EC1DD /* Deliveries */ = {
			isa = PBXGroup;
			children = (
				9F293AB625DF9625008EC1DD /* DeliveriesVC.swift */,
				9F9B774E25E67EB80016423F /* DeliveryOrderVC.swift */,
				9FB66E0B25E763DF00DB459D /* DeliveryNewOrderVC.swift */,
				9FAC6D7A25E778E200A17C3E /* PreviousOrderVC.swift */,
				9FAC6D8A25E7845F00A17C3E /* DeliveryCalendarVC.swift */,
			);
			path = Deliveries;
			sourceTree = "<group>";
		};
		9F293AC025DF9697008EC1DD /* Account */ = {
			isa = PBXGroup;
			children = (
				9F293AB925DF9637008EC1DD /* AccountVC.swift */,
				9F74253B25E53E15003C01F6 /* BillingInformationVC.swift */,
				9F74253E25E53E30003C01F6 /* DeliveryInformationVC.swift */,
				9FC9500225E6352000D50323 /* ChangePasswordVC.swift */,
			);
			path = Account;
			sourceTree = "<group>";
		};
		9F40798C25DE366300FCA1B2 /* Resources */ = {
			isa = PBXGroup;
			children = (
				9FC854E825DD523300AC0073 /* Assets.xcassets */,
			);
			path = Resources;
			sourceTree = "<group>";
		};
		9F40798D25DE367400FCA1B2 /* Supporting */ = {
			isa = PBXGroup;
			children = (
				9FC854ED25DD523300AC0073 /* Info.plist */,
			);
			path = Supporting;
			sourceTree = "<group>";
		};
		9F40798E25DE367D00FCA1B2 /* Thirdparty */ = {
			isa = PBXGroup;
			children = (
			);
			path = Thirdparty;
			sourceTree = "<group>";
		};
		9F40799025DE3A7000FCA1B2 /* Networking */ = {
			isa = PBXGroup;
			children = (
				9F4079E725DE45F000FCA1B2 /* NetworkCaller.swift */,
				9F4079E825DE45F000FCA1B2 /* NetworkManager.swift */,
				9F4079E625DE45EF00FCA1B2 /* URLManager.swift */,
			);
			path = Networking;
			sourceTree = "<group>";
		};
		9F40799125DE3A9C00FCA1B2 /* Interface */ = {
			isa = PBXGroup;
			children = (
				9FC854EA25DD523300AC0073 /* LaunchScreen.storyboard */,
				9FC854E525DD523100AC0073 /* Main.storyboard */,
				9F4079EE25DE4ADE00FCA1B2 /* Login.storyboard */,
				9F293AA425DF8997008EC1DD /* Dashboard.storyboard */,
				9F293AA725DF93D3008EC1DD /* Billing.storyboard */,
				9F293AAA25DF93E7008EC1DD /* Deliveries.storyboard */,
				9F293AAD25DF94B3008EC1DD /* Account.storyboard */,
				9FE8C87C25E7C4780014CB43 /* Cart.storyboard */,
			);
			path = Interface;
			sourceTree = "<group>";
		};
		9F4079CC25DE454E00FCA1B2 /* Extention */ = {
			isa = PBXGroup;
			children = (
				9F4079CD25DE454E00FCA1B2 /* UINavigationController+Ext.swift */,
				9F4079CE25DE454E00FCA1B2 /* String+Ext.swift */,
				9F4079CF25DE454E00FCA1B2 /* UIView+Inspectable.swift */,
				9F4079D025DE454E00FCA1B2 /* Alert+Extension.swift */,
				9F4079D125DE454E00FCA1B2 /* UIKit+Ext.swift */,
				9F4079D225DE454E00FCA1B2 /* UIController+Ext.swift */,
			);
			path = Extention;
			sourceTree = "<group>";
		};
		9F6C277A25E7BF5C00957339 /* ProductCell */ = {
			isa = PBXGroup;
			children = (
				9FDC1B0425E6903400C57FCE /* ProductCollCell.swift */,
				9FDC1B0525E6903400C57FCE /* ProductCollCell.xib */,
			);
			path = ProductCell;
			sourceTree = "<group>";
		};
		9F6C277B25E7BF7200957339 /* PreviousOrderCell */ = {
			isa = PBXGroup;
			children = (
				9FAC6D7325E7776000A17C3E /* PreviousOrderCollCell.swift */,
				9FAC6D7425E7776000A17C3E /* PreviousOrderCollCell.xib */,
			);
			path = PreviousOrderCell;
			sourceTree = "<group>";
		};
		9F70A85825E3E18500E1EEAF /* HistoryCell */ = {
			isa = PBXGroup;
			children = (
				9F70A85325E3E0BE00E1EEAF /* HistoryCell.swift */,
				9F70A85425E3E0BE00E1EEAF /* HistoryCell.xib */,
			);
			path = HistoryCell;
			sourceTree = "<group>";
		};
		9F70A85F25E3E1C900E1EEAF /* StatementCell */ = {
			isa = PBXGroup;
			children = (
				9F70A85A25E3E1C400E1EEAF /* StatementCell.swift */,
				9F70A85B25E3E1C400E1EEAF /* StatementCell.xib */,
			);
			path = StatementCell;
			sourceTree = "<group>";
		};
		9F715BCD25E3B0F900A95C91 /* InvoiceCell */ = {
			isa = PBXGroup;
			children = (
				9F715BC825E3B0F200A95C91 /* InvoiceCell.swift */,
				9F715BC925E3B0F200A95C91 /* InvoiceCell.xib */,
			);
			path = InvoiceCell;
			sourceTree = "<group>";
		};
		9F735E6125DE33BF000EBD72 /* Model */ = {
			isa = PBXGroup;
			children = (
			);
			path = Model;
			sourceTree = "<group>";
		};
		9F735E6225DE33CD000EBD72 /* View */ = {
			isa = PBXGroup;
			children = (
				9FDC1B0225E68FE300C57FCE /* TableViewCell */,
				9FDC1B0A25E6904C00C57FCE /* CollectionViewCell */,
			);
			path = View;
			sourceTree = "<group>";
		};
		9F735E6325DE33D3000EBD72 /* Controller */ = {
			isa = PBXGroup;
			children = (
				9FC854E325DD523100AC0073 /* ViewController.swift */,
				9F293AC225DF9744008EC1DD /* MainTabBarController.swift */,
				9FD6016425DE7A990081D546 /* Login */,
				9F293ABC25DF964F008EC1DD /* Dashboard */,
				9F293ABE25DF9686008EC1DD /* Billing */,
				9F293ABF25DF968E008EC1DD /* Deliveries */,
				9F293AC025DF9697008EC1DD /* Account */,
				9FE8C88A25E7CADA0014CB43 /* Cart */,
			);
			path = Controller;
			sourceTree = "<group>";
		};
		9F735E6625DE33E4000EBD72 /* Helper */ = {
			isa = PBXGroup;
			children = (
				9F4079C625DE454C00FCA1B2 /* AppCell.swift */,
				9F4079C825DE454D00FCA1B2 /* AppFonts.swift */,
				9F4079CA25DE454D00FCA1B2 /* AppStoryboard.swift */,
				9F4079D425DE454E00FCA1B2 /* AppSupport.swift */,
				9F4079C725DE454D00FCA1B2 /* AppUserDefaults.swift */,
				9F4079D325DE454E00FCA1B2 /* ColorModel.swift */,
				9F4079C925DE454D00FCA1B2 /* Constants.swift */,
				9F4079CC25DE454E00FCA1B2 /* Extention */,
			);
			path = Helper;
			sourceTree = "<group>";
		};
		9F7424C525E4C945003C01F6 /* PaymentCardCell */ = {
			isa = PBXGroup;
			children = (
				9F7424C025E4C941003C01F6 /* PaymentCardCell.swift */,
				9F7424C125E4C941003C01F6 /* PaymentCardCell.xib */,
			);
			path = PaymentCardCell;
			sourceTree = "<group>";
		};
		9F9B775625E67F4C0016423F /* DeliveryOrderCell */ = {
			isa = PBXGroup;
			children = (
				9F9B775125E67F400016423F /* DeliveryOrderCell.swift */,
				9F9B775225E67F400016423F /* DeliveryOrderCell.xib */,
			);
			path = DeliveryOrderCell;
			sourceTree = "<group>";
		};
		9FC854D325DD523100AC0073 = {
			isa = PBXGroup;
			children = (
				9FC854DE25DD523100AC0073 /* Island Choice */,
				9FC854DD25DD523100AC0073 /* Products */,
				332D8FBB4C663D4A39F50DEE /* Pods */,
				E2B1BA95B00CE78595C33A26 /* Frameworks */,
			);
			sourceTree = "<group>";
		};
		9FC854DD25DD523100AC0073 /* Products */ = {
			isa = PBXGroup;
			children = (
				9FC854DC25DD523100AC0073 /* Island Choice.app */,
			);
			name = Products;
			sourceTree = "<group>";
		};
		9FC854DE25DD523100AC0073 /* Island Choice */ = {
			isa = PBXGroup;
			children = (
				9FC854DF25DD523100AC0073 /* AppDelegate.swift */,
				9F40799025DE3A7000FCA1B2 /* Networking */,
				9F735E6625DE33E4000EBD72 /* Helper */,
				9F40799125DE3A9C00FCA1B2 /* Interface */,
				9F735E6325DE33D3000EBD72 /* Controller */,
				9F40798C25DE366300FCA1B2 /* Resources */,
				9F735E6225DE33CD000EBD72 /* View */,
				9F735E6125DE33BF000EBD72 /* Model */,
				9F40798D25DE367400FCA1B2 /* Supporting */,
				9F40798E25DE367D00FCA1B2 /* Thirdparty */,
			);
			path = "Island Choice";
			sourceTree = "<group>";
		};
		9FD6016425DE7A990081D546 /* Login */ = {
			isa = PBXGroup;
			children = (
				9FD6016125DE7A910081D546 /* LoginVC.swift */,
				9F80767025DEA3EF006E6311 /* ForgotPasswordVC.swift */,
			);
			path = Login;
			sourceTree = "<group>";
		};
		9FDC1B0225E68FE300C57FCE /* TableViewCell */ = {
			isa = PBXGroup;
			children = (
				9F715BCD25E3B0F900A95C91 /* InvoiceCell */,
				9F70A85825E3E18500E1EEAF /* HistoryCell */,
				9F70A85F25E3E1C900E1EEAF /* StatementCell */,
				9F7424C525E4C945003C01F6 /* PaymentCardCell */,
				9F9B775625E67F4C0016423F /* DeliveryOrderCell */,
				9FE8C88425E7C5F90014CB43 /* CartCell */,
				9F097F0825E9071E00CD0FA7 /* CheckOutCell */,
			);
			path = TableViewCell;
			sourceTree = "<group>";
		};
		9FDC1B0925E6904200C57FCE /* ProductCollCell */ = {
			isa = PBXGroup;
			children = (
				9F6C277A25E7BF5C00957339 /* ProductCell */,
				9F6C277B25E7BF7200957339 /* PreviousOrderCell */,
			);
			path = ProductCollCell;
			sourceTree = "<group>";
		};
		9FDC1B0A25E6904C00C57FCE /* CollectionViewCell */ = {
			isa = PBXGroup;
			children = (
				9FDC1B0925E6904200C57FCE /* ProductCollCell */,
			);
			path = CollectionViewCell;
			sourceTree = "<group>";
		};
		9FE8C88425E7C5F90014CB43 /* CartCell */ = {
			isa = PBXGroup;
			children = (
				9FE8C87F25E7C5EF0014CB43 /* CartTblCell.swift */,
				9FE8C88025E7C5EF0014CB43 /* CartTblCell.xib */,
			);
			path = CartCell;
			sourceTree = "<group>";
		};
		9FE8C88A25E7CADA0014CB43 /* Cart */ = {
			isa = PBXGroup;
			children = (
				9FE8C88725E7CAB10014CB43 /* CartVC.swift */,
				9FD5398925E8F65800BF9EF0 /* CheckOutVC.swift */,
			);
			path = Cart;
			sourceTree = "<group>";
		};
		E2B1BA95B00CE78595C33A26 /* Frameworks */ = {
			isa = PBXGroup;
			children = (
				C2EC53273B927B988EC14C8A /* Pods_Island_Choice.framework */,
			);
			name = Frameworks;
			sourceTree = "<group>";
		};
/* End PBXGroup section */

/* Begin PBXNativeTarget section */
		9FC854DB25DD523100AC0073 /* Island Choice */ = {
			isa = PBXNativeTarget;
			buildConfigurationList = 9FC854F025DD523300AC0073 /* Build configuration list for PBXNativeTarget "Island Choice" */;
			buildPhases = (
				FE17B33E6691C32763078014 /* [CP] Check Pods Manifest.lock */,
				9FC854D825DD523100AC0073 /* Sources */,
				9FC854D925DD523100AC0073 /* Frameworks */,
				9FC854DA25DD523100AC0073 /* Resources */,
				7C77AF4941EBDBFA091E1E2A /* [CP] Embed Pods Frameworks */,
			);
			buildRules = (
			);
			dependencies = (
			);
			name = "Island Choice";
			productName = "Island Choice";
			productReference = 9FC854DC25DD523100AC0073 /* Island Choice.app */;
			productType = "com.apple.product-type.application";
		};
/* End PBXNativeTarget section */

/* Begin PBXProject section */
		9FC854D425DD523100AC0073 /* Project object */ = {
			isa = PBXProject;
			attributes = {
				LastSwiftUpdateCheck = 1230;
				LastUpgradeCheck = 1230;
				TargetAttributes = {
					9FC854DB25DD523100AC0073 = {
						CreatedOnToolsVersion = 12.3;
					};
				};
			};
			buildConfigurationList = 9FC854D725DD523100AC0073 /* Build configuration list for PBXProject "Island Choice" */;
			compatibilityVersion = "Xcode 9.3";
			developmentRegion = en;
			hasScannedForEncodings = 0;
			knownRegions = (
				en,
				Base,
			);
			mainGroup = 9FC854D325DD523100AC0073;
			productRefGroup = 9FC854DD25DD523100AC0073 /* Products */;
			projectDirPath = "";
			projectRoot = "";
			targets = (
				9FC854DB25DD523100AC0073 /* Island Choice */,
			);
		};
/* End PBXProject section */

/* Begin PBXResourcesBuildPhase section */
		9FC854DA25DD523100AC0073 /* Resources */ = {
			isa = PBXResourcesBuildPhase;
			buildActionMask = 2147483647;
			files = (
				9FE8C87D25E7C4780014CB43 /* Cart.storyboard in Resources */,
				9F70A85625E3E0BE00E1EEAF /* HistoryCell.xib in Resources */,
				9F097F0325E8FD7E00CD0FA7 /* checkoutTblCell.xib in Resources */,
				9F4079EF25DE4ADE00FCA1B2 /* Login.storyboard in Resources */,
				9FAC6D7625E7776000A17C3E /* PreviousOrderCollCell.xib in Resources */,
				9F293AA525DF8997008EC1DD /* Dashboard.storyboard in Resources */,
				9FC854EC25DD523300AC0073 /* LaunchScreen.storyboard in Resources */,
				9FC854E925DD523300AC0073 /* Assets.xcassets in Resources */,
				9F293AAB25DF93E7008EC1DD /* Deliveries.storyboard in Resources */,
				9F293AA825DF93D3008EC1DD /* Billing.storyboard in Resources */,
				9F293AAE25DF94B3008EC1DD /* Account.storyboard in Resources */,
				9F7424C325E4C941003C01F6 /* PaymentCardCell.xib in Resources */,
				9FDC1B0725E6903400C57FCE /* ProductCollCell.xib in Resources */,
				9F9B775425E67F400016423F /* DeliveryOrderCell.xib in Resources */,
				9F70A85D25E3E1C400E1EEAF /* StatementCell.xib in Resources */,
				9FE8C88225E7C5EF0014CB43 /* CartTblCell.xib in Resources */,
				9FC854E725DD523100AC0073 /* Main.storyboard in Resources */,
				9F715BCB25E3B0F200A95C91 /* InvoiceCell.xib in Resources */,
			);
			runOnlyForDeploymentPostprocessing = 0;
		};
/* End PBXResourcesBuildPhase section */

/* Begin PBXShellScriptBuildPhase section */
		7C77AF4941EBDBFA091E1E2A /* [CP] Embed Pods Frameworks */ = {
			isa = PBXShellScriptBuildPhase;
			buildActionMask = 2147483647;
			files = (
			);
			inputFileListPaths = (
				"${PODS_ROOT}/Target Support Files/Pods-Island Choice/Pods-Island Choice-frameworks-${CONFIGURATION}-input-files.xcfilelist",
			);
			name = "[CP] Embed Pods Frameworks";
			outputFileListPaths = (
				"${PODS_ROOT}/Target Support Files/Pods-Island Choice/Pods-Island Choice-frameworks-${CONFIGURATION}-output-files.xcfilelist",
			);
			runOnlyForDeploymentPostprocessing = 0;
			shellPath = /bin/sh;
			shellScript = "\"${PODS_ROOT}/Target Support Files/Pods-Island Choice/Pods-Island Choice-frameworks.sh\"\n";
			showEnvVarsInLog = 0;
		};
		FE17B33E6691C32763078014 /* [CP] Check Pods Manifest.lock */ = {
			isa = PBXShellScriptBuildPhase;
			buildActionMask = 2147483647;
			files = (
			);
			inputFileListPaths = (
			);
			inputPaths = (
				"${PODS_PODFILE_DIR_PATH}/Podfile.lock",
				"${PODS_ROOT}/Manifest.lock",
			);
			name = "[CP] Check Pods Manifest.lock";
			outputFileListPaths = (
			);
			outputPaths = (
				"$(DERIVED_FILE_DIR)/Pods-Island Choice-checkManifestLockResult.txt",
			);
			runOnlyForDeploymentPostprocessing = 0;
			shellPath = /bin/sh;
			shellScript = "diff \"${PODS_PODFILE_DIR_PATH}/Podfile.lock\" \"${PODS_ROOT}/Manifest.lock\" > /dev/null\nif [ $? != 0 ] ; then\n    # print error to STDERR\n    echo \"error: The sandbox is not in sync with the Podfile.lock. Run 'pod install' or update your CocoaPods installation.\" >&2\n    exit 1\nfi\n# This output is used by Xcode 'outputs' to avoid re-running this script phase.\necho \"SUCCESS\" > \"${SCRIPT_OUTPUT_FILE_0}\"\n";
			showEnvVarsInLog = 0;
		};
/* End PBXShellScriptBuildPhase section */

/* Begin PBXSourcesBuildPhase section */
		9FC854D825DD523100AC0073 /* Sources */ = {
			isa = PBXSourcesBuildPhase;
			buildActionMask = 2147483647;
			files = (
				9F293B5025DFF302008EC1DD /* InvoiceVC.swift in Sources */,
				9F4079EB25DE45F000FCA1B2 /* NetworkManager.swift in Sources */,
				9F4079D925DE454E00FCA1B2 /* AppStoryboard.swift in Sources */,
				9F74253F25E53E30003C01F6 /* DeliveryInformationVC.swift in Sources */,
				9F293AC325DF9744008EC1DD /* MainTabBarController.swift in Sources */,
				9F293B5625DFF396008EC1DD /* PaymentMethodVC.swift in Sources */,
				9F4079DE25DE454E00FCA1B2 /* Alert+Extension.swift in Sources */,
				9FD6016225DE7A910081D546 /* LoginVC.swift in Sources */,
				9F4079EA25DE45F000FCA1B2 /* NetworkCaller.swift in Sources */,
				9F7424C225E4C941003C01F6 /* PaymentCardCell.swift in Sources */,
				9FAC6D7B25E778E200A17C3E /* PreviousOrderVC.swift in Sources */,
				9F4079E225DE454E00FCA1B2 /* AppSupport.swift in Sources */,
				9F4079DB25DE454E00FCA1B2 /* UINavigationController+Ext.swift in Sources */,
				9F4079DC25DE454E00FCA1B2 /* String+Ext.swift in Sources */,
				9F293ABA25DF9637008EC1DD /* AccountVC.swift in Sources */,
				9F293AB425DF9609008EC1DD /* BillingVC.swift in Sources */,
				9F74253825E517B1003C01F6 /* CreditCardVC.swift in Sources */,
				9F9B774F25E67EB80016423F /* DeliveryOrderVC.swift in Sources */,
				9F4079DD25DE454E00FCA1B2 /* UIView+Inspectable.swift in Sources */,
				9F4079D525DE454E00FCA1B2 /* AppCell.swift in Sources */,
				9F4079D725DE454E00FCA1B2 /* AppFonts.swift in Sources */,
				9F9B775325E67F400016423F /* DeliveryOrderCell.swift in Sources */,
				9F4079E125DE454E00FCA1B2 /* ColorModel.swift in Sources */,
				9FE8C88825E7CAB10014CB43 /* CartVC.swift in Sources */,
				9FAC6D8B25E7845F00A17C3E /* DeliveryCalendarVC.swift in Sources */,
				9FB66E0C25E763DF00DB459D /* DeliveryNewOrderVC.swift in Sources */,
				9FD5398A25E8F65800BF9EF0 /* CheckOutVC.swift in Sources */,
				9F4079E925DE45F000FCA1B2 /* URLManager.swift in Sources */,
				9F4079D625DE454E00FCA1B2 /* AppUserDefaults.swift in Sources */,
				9F80767125DEA3EF006E6311 /* ForgotPasswordVC.swift in Sources */,
				9F097F0225E8FD7E00CD0FA7 /* checkoutTblCell.swift in Sources */,
				9FDC1B0625E6903400C57FCE /* ProductCollCell.swift in Sources */,
				9FAC6D7525E7776000A17C3E /* PreviousOrderCollCell.swift in Sources */,
				9F715BCA25E3B0F200A95C91 /* InvoiceCell.swift in Sources */,
				9F4079DF25DE454E00FCA1B2 /* UIKit+Ext.swift in Sources */,
				9F293AB125DF95F4008EC1DD /* DashboardVC.swift in Sources */,
				9FC854E425DD523100AC0073 /* ViewController.swift in Sources */,
				9F70A85C25E3E1C400E1EEAF /* StatementCell.swift in Sources */,
				9F70A85525E3E0BE00E1EEAF /* HistoryCell.swift in Sources */,
				9FE8C88125E7C5EF0014CB43 /* CartTblCell.swift in Sources */,
				9FC854E025DD523100AC0073 /* AppDelegate.swift in Sources */,
				9F4079E025DE454E00FCA1B2 /* UIController+Ext.swift in Sources */,
				9F4079D825DE454E00FCA1B2 /* Constants.swift in Sources */,
				9F74253C25E53E15003C01F6 /* BillingInformationVC.swift in Sources */,
				9F293B5325DFF31B008EC1DD /* HistoryVC.swift in Sources */,
				9F293AB725DF9625008EC1DD /* DeliveriesVC.swift in Sources */,
				9FC9500325E6352000D50323 /* ChangePasswordVC.swift in Sources */,
			);
			runOnlyForDeploymentPostprocessing = 0;
		};
/* End PBXSourcesBuildPhase section */

/* Begin PBXVariantGroup section */
		9FC854E525DD523100AC0073 /* Main.storyboard */ = {
			isa = PBXVariantGroup;
			children = (
				9FC854E625DD523100AC0073 /* Base */,
			);
			name = Main.storyboard;
			sourceTree = "<group>";
		};
		9FC854EA25DD523300AC0073 /* LaunchScreen.storyboard */ = {
			isa = PBXVariantGroup;
			children = (
				9FC854EB25DD523300AC0073 /* Base */,
			);
			name = LaunchScreen.storyboard;
			sourceTree = "<group>";
		};
/* End PBXVariantGroup section */

/* Begin XCBuildConfiguration section */
		9FC854EE25DD523300AC0073 /* Debug */ = {
			isa = XCBuildConfiguration;
			buildSettings = {
				ALWAYS_SEARCH_USER_PATHS = NO;
				CLANG_ANALYZER_NONNULL = YES;
				CLANG_ANALYZER_NUMBER_OBJECT_CONVERSION = YES_AGGRESSIVE;
				CLANG_CXX_LANGUAGE_STANDARD = "gnu++14";
				CLANG_CXX_LIBRARY = "libc++";
				CLANG_ENABLE_MODULES = YES;
				CLANG_ENABLE_OBJC_ARC = YES;
				CLANG_ENABLE_OBJC_WEAK = YES;
				CLANG_WARN_BLOCK_CAPTURE_AUTORELEASING = YES;
				CLANG_WARN_BOOL_CONVERSION = YES;
				CLANG_WARN_COMMA = YES;
				CLANG_WARN_CONSTANT_CONVERSION = YES;
				CLANG_WARN_DEPRECATED_OBJC_IMPLEMENTATIONS = YES;
				CLANG_WARN_DIRECT_OBJC_ISA_USAGE = YES_ERROR;
				CLANG_WARN_DOCUMENTATION_COMMENTS = YES;
				CLANG_WARN_EMPTY_BODY = YES;
				CLANG_WARN_ENUM_CONVERSION = YES;
				CLANG_WARN_INFINITE_RECURSION = YES;
				CLANG_WARN_INT_CONVERSION = YES;
				CLANG_WARN_NON_LITERAL_NULL_CONVERSION = YES;
				CLANG_WARN_OBJC_IMPLICIT_RETAIN_SELF = YES;
				CLANG_WARN_OBJC_LITERAL_CONVERSION = YES;
				CLANG_WARN_OBJC_ROOT_CLASS = YES_ERROR;
				CLANG_WARN_QUOTED_INCLUDE_IN_FRAMEWORK_HEADER = YES;
				CLANG_WARN_RANGE_LOOP_ANALYSIS = YES;
				CLANG_WARN_STRICT_PROTOTYPES = YES;
				CLANG_WARN_SUSPICIOUS_MOVE = YES;
				CLANG_WARN_UNGUARDED_AVAILABILITY = YES_AGGRESSIVE;
				CLANG_WARN_UNREACHABLE_CODE = YES;
				CLANG_WARN__DUPLICATE_METHOD_MATCH = YES;
				COPY_PHASE_STRIP = NO;
				DEBUG_INFORMATION_FORMAT = dwarf;
				ENABLE_STRICT_OBJC_MSGSEND = YES;
				ENABLE_TESTABILITY = YES;
				GCC_C_LANGUAGE_STANDARD = gnu11;
				GCC_DYNAMIC_NO_PIC = NO;
				GCC_NO_COMMON_BLOCKS = YES;
				GCC_OPTIMIZATION_LEVEL = 0;
				GCC_PREPROCESSOR_DEFINITIONS = (
					"DEBUG=1",
					"$(inherited)",
				);
				GCC_WARN_64_TO_32_BIT_CONVERSION = YES;
				GCC_WARN_ABOUT_RETURN_TYPE = YES_ERROR;
				GCC_WARN_UNDECLARED_SELECTOR = YES;
				GCC_WARN_UNINITIALIZED_AUTOS = YES_AGGRESSIVE;
				GCC_WARN_UNUSED_FUNCTION = YES;
				GCC_WARN_UNUSED_VARIABLE = YES;
				IPHONEOS_DEPLOYMENT_TARGET = 11.0;
				MTL_ENABLE_DEBUG_INFO = INCLUDE_SOURCE;
				MTL_FAST_MATH = YES;
				ONLY_ACTIVE_ARCH = YES;
				SDKROOT = iphoneos;
				SWIFT_ACTIVE_COMPILATION_CONDITIONS = DEBUG;
				SWIFT_OPTIMIZATION_LEVEL = "-Onone";
			};
			name = Debug;
		};
		9FC854EF25DD523300AC0073 /* Release */ = {
			isa = XCBuildConfiguration;
			buildSettings = {
				ALWAYS_SEARCH_USER_PATHS = NO;
				CLANG_ANALYZER_NONNULL = YES;
				CLANG_ANALYZER_NUMBER_OBJECT_CONVERSION = YES_AGGRESSIVE;
				CLANG_CXX_LANGUAGE_STANDARD = "gnu++14";
				CLANG_CXX_LIBRARY = "libc++";
				CLANG_ENABLE_MODULES = YES;
				CLANG_ENABLE_OBJC_ARC = YES;
				CLANG_ENABLE_OBJC_WEAK = YES;
				CLANG_WARN_BLOCK_CAPTURE_AUTORELEASING = YES;
				CLANG_WARN_BOOL_CONVERSION = YES;
				CLANG_WARN_COMMA = YES;
				CLANG_WARN_CONSTANT_CONVERSION = YES;
				CLANG_WARN_DEPRECATED_OBJC_IMPLEMENTATIONS = YES;
				CLANG_WARN_DIRECT_OBJC_ISA_USAGE = YES_ERROR;
				CLANG_WARN_DOCUMENTATION_COMMENTS = YES;
				CLANG_WARN_EMPTY_BODY = YES;
				CLANG_WARN_ENUM_CONVERSION = YES;
				CLANG_WARN_INFINITE_RECURSION = YES;
				CLANG_WARN_INT_CONVERSION = YES;
				CLANG_WARN_NON_LITERAL_NULL_CONVERSION = YES;
				CLANG_WARN_OBJC_IMPLICIT_RETAIN_SELF = YES;
				CLANG_WARN_OBJC_LITERAL_CONVERSION = YES;
				CLANG_WARN_OBJC_ROOT_CLASS = YES_ERROR;
				CLANG_WARN_QUOTED_INCLUDE_IN_FRAMEWORK_HEADER = YES;
				CLANG_WARN_RANGE_LOOP_ANALYSIS = YES;
				CLANG_WARN_STRICT_PROTOTYPES = YES;
				CLANG_WARN_SUSPICIOUS_MOVE = YES;
				CLANG_WARN_UNGUARDED_AVAILABILITY = YES_AGGRESSIVE;
				CLANG_WARN_UNREACHABLE_CODE = YES;
				CLANG_WARN__DUPLICATE_METHOD_MATCH = YES;
				COPY_PHASE_STRIP = NO;
				DEBUG_INFORMATION_FORMAT = "dwarf-with-dsym";
				ENABLE_NS_ASSERTIONS = NO;
				ENABLE_STRICT_OBJC_MSGSEND = YES;
				GCC_C_LANGUAGE_STANDARD = gnu11;
				GCC_NO_COMMON_BLOCKS = YES;
				GCC_WARN_64_TO_32_BIT_CONVERSION = YES;
				GCC_WARN_ABOUT_RETURN_TYPE = YES_ERROR;
				GCC_WARN_UNDECLARED_SELECTOR = YES;
				GCC_WARN_UNINITIALIZED_AUTOS = YES_AGGRESSIVE;
				GCC_WARN_UNUSED_FUNCTION = YES;
				GCC_WARN_UNUSED_VARIABLE = YES;
				IPHONEOS_DEPLOYMENT_TARGET = 11.0;
				MTL_ENABLE_DEBUG_INFO = NO;
				MTL_FAST_MATH = YES;
				SDKROOT = iphoneos;
				SWIFT_COMPILATION_MODE = wholemodule;
				SWIFT_OPTIMIZATION_LEVEL = "-O";
				VALIDATE_PRODUCT = YES;
			};
			name = Release;
		};
		9FC854F125DD523300AC0073 /* Debug */ = {
			isa = XCBuildConfiguration;
			baseConfigurationReference = C1991056B92BA73B112C58B5 /* Pods-Island Choice.debug.xcconfig */;
			buildSettings = {
				ASSETCATALOG_COMPILER_APPICON_NAME = AppIcon;
				ASSETCATALOG_COMPILER_GLOBAL_ACCENT_COLOR_NAME = AccentColor;
				CODE_SIGN_STYLE = Automatic;
				DEVELOPMENT_TEAM = CYAAKTHRS4;
				INFOPLIST_FILE = "Island Choice/Supporting/Info.plist";
				IPHONEOS_DEPLOYMENT_TARGET = 11.0;
				LD_RUNPATH_SEARCH_PATHS = (
					"$(inherited)",
					"@executable_path/Frameworks",
				);
				PRODUCT_BUNDLE_IDENTIFIER = com.gurutechnolabs.abhatest;
				PRODUCT_NAME = "$(TARGET_NAME)";
				SWIFT_VERSION = 5.0;
				TARGETED_DEVICE_FAMILY = 1;
			};
			name = Debug;
		};
		9FC854F225DD523300AC0073 /* Release */ = {
			isa = XCBuildConfiguration;
			baseConfigurationReference = 987B70F0EAB6B8D5ADE3A58E /* Pods-Island Choice.release.xcconfig */;
			buildSettings = {
				ASSETCATALOG_COMPILER_APPICON_NAME = AppIcon;
				ASSETCATALOG_COMPILER_GLOBAL_ACCENT_COLOR_NAME = AccentColor;
				CODE_SIGN_STYLE = Automatic;
				DEVELOPMENT_TEAM = CYAAKTHRS4;
				INFOPLIST_FILE = "Island Choice/Supporting/Info.plist";
				IPHONEOS_DEPLOYMENT_TARGET = 11.0;
				LD_RUNPATH_SEARCH_PATHS = (
					"$(inherited)",
					"@executable_path/Frameworks",
				);
				PRODUCT_BUNDLE_IDENTIFIER = com.gurutechnolabs.abhatest;
				PRODUCT_NAME = "$(TARGET_NAME)";
				SWIFT_VERSION = 5.0;
				TARGETED_DEVICE_FAMILY = 1;
			};
			name = Release;
		};
/* End XCBuildConfiguration section */

/* Begin XCConfigurationList section */
		9FC854D725DD523100AC0073 /* Build configuration list for PBXProject "Island Choice" */ = {
			isa = XCConfigurationList;
			buildConfigurations = (
				9FC854EE25DD523300AC0073 /* Debug */,
				9FC854EF25DD523300AC0073 /* Release */,
			);
			defaultConfigurationIsVisible = 0;
			defaultConfigurationName = Release;
		};
		9FC854F025DD523300AC0073 /* Build configuration list for PBXNativeTarget "Island Choice" */ = {
			isa = XCConfigurationList;
			buildConfigurations = (
				9FC854F125DD523300AC0073 /* Debug */,
				9FC854F225DD523300AC0073 /* Release */,
			);
			defaultConfigurationIsVisible = 0;
			defaultConfigurationName = Release;
		};
/* End XCConfigurationList section */
	};
	rootObject = 9FC854D425DD523100AC0073 /* Project object */;
}
